// !$*UTF8*$!
{
	archiveVersion = 1;
	classes = {
	};
	objectVersion = 50;
	objects = {

/* Begin PBXBuildFile section */
		B5168EF8237AE47800E6BA93 /* AppDelegate.swift in Sources */ = {isa = PBXBuildFile; fileRef = B5168EF7237AE47800E6BA93 /* AppDelegate.swift */; };
		B5168EFC237AE47800E6BA93 /* ViewController.swift in Sources */ = {isa = PBXBuildFile; fileRef = B5168EFB237AE47800E6BA93 /* ViewController.swift */; };
		B5168EFF237AE47900E6BA93 /* Main.storyboard in Resources */ = {isa = PBXBuildFile; fileRef = B5168EFD237AE47900E6BA93 /* Main.storyboard */; };
		B5168F01237AE48000E6BA93 /* Assets.xcassets in Resources */ = {isa = PBXBuildFile; fileRef = B5168F00237AE48000E6BA93 /* Assets.xcassets */; };
		B5168F04237AE48000E6BA93 /* LaunchScreen.storyboard in Resources */ = {isa = PBXBuildFile; fileRef = B5168F02237AE48000E6BA93 /* LaunchScreen.storyboard */; };
		B5168F0F237AE48100E6BA93 /* TestTests.swift in Sources */ = {isa = PBXBuildFile; fileRef = B5168F0E237AE48100E6BA93 /* TestTests.swift */; };
		B5168F1A237AE48100E6BA93 /* TestUITests.swift in Sources */ = {isa = PBXBuildFile; fileRef = B5168F19237AE48100E6BA93 /* TestUITests.swift */; };
		B5168F28237AE64C00E6BA93 /* SwipeViewController.swift in Sources */ = {isa = PBXBuildFile; fileRef = B5168F27237AE64C00E6BA93 /* SwipeViewController.swift */; };
		B5AF4718237C2DEE00CD27E9 /* GyroViewController.swift in Sources */ = {isa = PBXBuildFile; fileRef = B5AF4717237C2DEE00CD27E9 /* GyroViewController.swift */; };
/* End PBXBuildFile section */

/* Begin PBXContainerItemProxy section */
		B5168F0B237AE48000E6BA93 /* PBXContainerItemProxy */ = {
			isa = PBXContainerItemProxy;
			containerPortal = B5168EEC237AE47800E6BA93 /* Project object */;
			proxyType = 1;
			remoteGlobalIDString = B5168EF3237AE47800E6BA93;
			remoteInfo = Test;
		};
		B5168F16237AE48100E6BA93 /* PBXContainerItemProxy */ = {
			isa = PBXContainerItemProxy;
			containerPortal = B5168EEC237AE47800E6BA93 /* Project object */;
			proxyType = 1;
			remoteGlobalIDString = B5168EF3237AE47800E6BA93;
			remoteInfo = Test;
		};
/* End PBXContainerItemProxy section */

/* Begin PBXFileReference section */
		B5168EF4237AE47800E6BA93 /* Test.app */ = {isa = PBXFileReference; explicitFileType = wrapper.application; includeInIndex = 0; path = Test.app; sourceTree = BUILT_PRODUCTS_DIR; };
		B5168EF7237AE47800E6BA93 /* AppDelegate.swift */ = {isa = PBXFileReference; lastKnownFileType = sourcecode.swift; path = AppDelegate.swift; sourceTree = "<group>"; };
		B5168EFB237AE47800E6BA93 /* ViewController.swift */ = {isa = PBXFileReference; lastKnownFileType = sourcecode.swift; path = ViewController.swift; sourceTree = "<group>"; };
		B5168EFE237AE47900E6BA93 /* Base */ = {isa = PBXFileReference; lastKnownFileType = file.storyboard; name = Base; path = Base.lproj/Main.storyboard; sourceTree = "<group>"; };
		B5168F00237AE48000E6BA93 /* Assets.xcassets */ = {isa = PBXFileReference; lastKnownFileType = folder.assetcatalog; path = Assets.xcassets; sourceTree = "<group>"; };
		B5168F03237AE48000E6BA93 /* Base */ = {isa = PBXFileReference; lastKnownFileType = file.storyboard; name = Base; path = Base.lproj/LaunchScreen.storyboard; sourceTree = "<group>"; };
		B5168F05237AE48000E6BA93 /* Info.plist */ = {isa = PBXFileReference; lastKnownFileType = text.plist.xml; path = Info.plist; sourceTree = "<group>"; };
		B5168F0A237AE48000E6BA93 /* TestTests.xctest */ = {isa = PBXFileReference; explicitFileType = wrapper.cfbundle; includeInIndex = 0; path = TestTests.xctest; sourceTree = BUILT_PRODUCTS_DIR; };
		B5168F0E237AE48100E6BA93 /* TestTests.swift */ = {isa = PBXFileReference; lastKnownFileType = sourcecode.swift; path = TestTests.swift; sourceTree = "<group>"; };
		B5168F10237AE48100E6BA93 /* Info.plist */ = {isa = PBXFileReference; lastKnownFileType = text.plist.xml; path = Info.plist; sourceTree = "<group>"; };
		B5168F15237AE48100E6BA93 /* TestUITests.xctest */ = {isa = PBXFileReference; explicitFileType = wrapper.cfbundle; includeInIndex = 0; path = TestUITests.xctest; sourceTree = BUILT_PRODUCTS_DIR; };
		B5168F19237AE48100E6BA93 /* TestUITests.swift */ = {isa = PBXFileReference; lastKnownFileType = sourcecode.swift; path = TestUITests.swift; sourceTree = "<group>"; };
		B5168F1B237AE48100E6BA93 /* Info.plist */ = {isa = PBXFileReference; lastKnownFileType = text.plist.xml; path = Info.plist; sourceTree = "<group>"; };
		B5168F27237AE64C00E6BA93 /* SwipeViewController.swift */ = {isa = PBXFileReference; lastKnownFileType = sourcecode.swift; path = SwipeViewController.swift; sourceTree = "<group>"; };
		B5AF4717237C2DEE00CD27E9 /* GyroViewController.swift */ = {isa = PBXFileReference; lastKnownFileType = sourcecode.swift; path = GyroViewController.swift; sourceTree = "<group>"; };
/* End PBXFileReference section */

/* Begin PBXFrameworksBuildPhase section */
		B5168EF1237AE47800E6BA93 /* Frameworks */ = {
			isa = PBXFrameworksBuildPhase;
			buildActionMask = 2147483647;
			files = (
			);
			runOnlyForDeploymentPostprocessing = 0;
		};
		B5168F07237AE48000E6BA93 /* Frameworks */ = {
			isa = PBXFrameworksBuildPhase;
			buildActionMask = 2147483647;
			files = (
			);
			runOnlyForDeploymentPostprocessing = 0;
		};
		B5168F12237AE48100E6BA93 /* Frameworks */ = {
			isa = PBXFrameworksBuildPhase;
			buildActionMask = 2147483647;
			files = (
			);
			runOnlyForDeploymentPostprocessing = 0;
		};
/* End PBXFrameworksBuildPhase section */

/* Begin PBXGroup section */
		B5168EEB237AE47800E6BA93 = {
			isa = PBXGroup;
			children = (
				B5168EF6237AE47800E6BA93 /* Test */,
				B5168F0D237AE48100E6BA93 /* TestTests */,
				B5168F18237AE48100E6BA93 /* TestUITests */,
				B5168EF5237AE47800E6BA93 /* Products */,
			);
			sourceTree = "<group>";
		};
		B5168EF5237AE47800E6BA93 /* Products */ = {
			isa = PBXGroup;
			children = (
				B5168EF4237AE47800E6BA93 /* Test.app */,
				B5168F0A237AE48000E6BA93 /* TestTests.xctest */,
				B5168F15237AE48100E6BA93 /* TestUITests.xctest */,
			);
			name = Products;
			sourceTree = "<group>";
		};
		B5168EF6237AE47800E6BA93 /* Test */ = {
			isa = PBXGroup;
			children = (
				B5168EF7237AE47800E6BA93 /* AppDelegate.swift */,
				B5168EFB237AE47800E6BA93 /* ViewController.swift */,
				B5168EFD237AE47900E6BA93 /* Main.storyboard */,
				B5168F00237AE48000E6BA93 /* Assets.xcassets */,
				B5168F02237AE48000E6BA93 /* LaunchScreen.storyboard */,
				B5168F05237AE48000E6BA93 /* Info.plist */,
				B5168F27237AE64C00E6BA93 /* SwipeViewController.swift */,
				B5AF4717237C2DEE00CD27E9 /* GyroViewController.swift */,
			);
			path = Test;
			sourceTree = "<group>";
		};
		B5168F0D237AE48100E6BA93 /* TestTests */ = {
			isa = PBXGroup;
			children = (
				B5168F0E237AE48100E6BA93 /* TestTests.swift */,
				B5168F10237AE48100E6BA93 /* Info.plist */,
			);
			path = TestTests;
			sourceTree = "<group>";
		};
		B5168F18237AE48100E6BA93 /* TestUITests */ = {
			isa = PBXGroup;
			children = (
				B5168F19237AE48100E6BA93 /* TestUITests.swift */,
				B5168F1B237AE48100E6BA93 /* Info.plist */,
			);
			path = TestUITests;
			sourceTree = "<group>";
		};
/* End PBXGroup section */

/* Begin PBXNativeTarget section */
		B5168EF3237AE47800E6BA93 /* Test */ = {
			isa = PBXNativeTarget;
			buildConfigurationList = B5168F1E237AE48100E6BA93 /* Build configuration list for PBXNativeTarget "Test" */;
			buildPhases = (
				B5168EF0237AE47800E6BA93 /* Sources */,
				B5168EF1237AE47800E6BA93 /* Frameworks */,
				B5168EF2237AE47800E6BA93 /* Resources */,
				B5AF4716237C2BD600CD27E9 /* Increment Build Number */,
			);
			buildRules = (
			);
			dependencies = (
			);
			name = Test;
			productName = Test;
			productReference = B5168EF4237AE47800E6BA93 /* Test.app */;
			productType = "com.apple.product-type.application";
		};
		B5168F09237AE48000E6BA93 /* TestTests */ = {
			isa = PBXNativeTarget;
			buildConfigurationList = B5168F21237AE48100E6BA93 /* Build configuration list for PBXNativeTarget "TestTests" */;
			buildPhases = (
				B5168F06237AE48000E6BA93 /* Sources */,
				B5168F07237AE48000E6BA93 /* Frameworks */,
				B5168F08237AE48000E6BA93 /* Resources */,
			);
			buildRules = (
			);
			dependencies = (
				B5168F0C237AE48000E6BA93 /* PBXTargetDependency */,
			);
			name = TestTests;
			productName = TestTests;
			productReference = B5168F0A237AE48000E6BA93 /* TestTests.xctest */;
			productType = "com.apple.product-type.bundle.unit-test";
		};
		B5168F14237AE48100E6BA93 /* TestUITests */ = {
			isa = PBXNativeTarget;
			buildConfigurationList = B5168F24237AE48100E6BA93 /* Build configuration list for PBXNativeTarget "TestUITests" */;
			buildPhases = (
				B5168F11237AE48100E6BA93 /* Sources */,
				B5168F12237AE48100E6BA93 /* Frameworks */,
				B5168F13237AE48100E6BA93 /* Resources */,
			);
			buildRules = (
			);
			dependencies = (
				B5168F17237AE48100E6BA93 /* PBXTargetDependency */,
			);
			name = TestUITests;
			productName = TestUITests;
			productReference = B5168F15237AE48100E6BA93 /* TestUITests.xctest */;
			productType = "com.apple.product-type.bundle.ui-testing";
		};
/* End PBXNativeTarget section */

/* Begin PBXProject section */
		B5168EEC237AE47800E6BA93 /* Project object */ = {
			isa = PBXProject;
			attributes = {
				LastSwiftUpdateCheck = 1120;
				LastUpgradeCheck = 1120;
				ORGANIZATIONNAME = "Ben Mechen";
				TargetAttributes = {
					B5168EF3237AE47800E6BA93 = {
						CreatedOnToolsVersion = 11.2;
					};
					B5168F09237AE48000E6BA93 = {
						CreatedOnToolsVersion = 11.2;
						TestTargetID = B5168EF3237AE47800E6BA93;
					};
					B5168F14237AE48100E6BA93 = {
						CreatedOnToolsVersion = 11.2;
						TestTargetID = B5168EF3237AE47800E6BA93;
					};
				};
			};
			buildConfigurationList = B5168EEF237AE47800E6BA93 /* Build configuration list for PBXProject "Test" */;
			compatibilityVersion = "Xcode 9.3";
			developmentRegion = en;
			hasScannedForEncodings = 0;
			knownRegions = (
				en,
				Base,
			);
			mainGroup = B5168EEB237AE47800E6BA93;
			productRefGroup = B5168EF5237AE47800E6BA93 /* Products */;
			projectDirPath = "";
			projectRoot = "";
			targets = (
				B5168EF3237AE47800E6BA93 /* Test */,
				B5168F09237AE48000E6BA93 /* TestTests */,
				B5168F14237AE48100E6BA93 /* TestUITests */,
			);
		};
/* End PBXProject section */

/* Begin PBXResourcesBuildPhase section */
		B5168EF2237AE47800E6BA93 /* Resources */ = {
			isa = PBXResourcesBuildPhase;
			buildActionMask = 2147483647;
			files = (
				B5168F04237AE48000E6BA93 /* LaunchScreen.storyboard in Resources */,
				B5168F01237AE48000E6BA93 /* Assets.xcassets in Resources */,
				B5168EFF237AE47900E6BA93 /* Main.storyboard in Resources */,
			);
			runOnlyForDeploymentPostprocessing = 0;
		};
		B5168F08237AE48000E6BA93 /* Resources */ = {
			isa = PBXResourcesBuildPhase;
			buildActionMask = 2147483647;
			files = (
			);
			runOnlyForDeploymentPostprocessing = 0;
		};
		B5168F13237AE48100E6BA93 /* Resources */ = {
			isa = PBXResourcesBuildPhase;
			buildActionMask = 2147483647;
			files = (
			);
			runOnlyForDeploymentPostprocessing = 0;
		};
/* End PBXResourcesBuildPhase section */

/* Begin PBXShellScriptBuildPhase section */
		B5AF4716237C2BD600CD27E9 /* Increment Build Number */ = {
			isa = PBXShellScriptBuildPhase;
			buildActionMask = 2147483647;
			files = (
			);
			inputFileListPaths = (
			);
			inputPaths = (
			);
			name = "Increment Build Number";
			outputFileListPaths = (
			);
			outputPaths = (
			);
			runOnlyForDeploymentPostprocessing = 0;
			shellPath = /bin/sh;
			shellScript = "# Type a script or drag a script file from your workspace to insert its path.\nbuildNumber=$(/usr/libexec/PlistBuddy -c \"Print CFBundleVersion\" \"~/Documents/InputTest/Test/Info.plist\")\nbuildNumber=$(($buildNumber + 1))\n/usr/libexec/PlistBuddy -c \"Set :CFBundleVersion $buildNumber\" \"~/Documents/InputTest/Test/Info.plist\"\n";
		};
/* End PBXShellScriptBuildPhase section */

/* Begin PBXSourcesBuildPhase section */
		B5168EF0237AE47800E6BA93 /* Sources */ = {
			isa = PBXSourcesBuildPhase;
			buildActionMask = 2147483647;
			files = (
				B5168EFC237AE47800E6BA93 /* ViewController.swift in Sources */,
				B5168EF8237AE47800E6BA93 /* AppDelegate.swift in Sources */,
				B5AF4718237C2DEE00CD27E9 /* GyroViewController.swift in Sources */,
				B5168F28237AE64C00E6BA93 /* SwipeViewController.swift in Sources */,
			);
			runOnlyForDeploymentPostprocessing = 0;
		};
		B5168F06237AE48000E6BA93 /* Sources */ = {
			isa = PBXSourcesBuildPhase;
			buildActionMask = 2147483647;
			files = (
				B5168F0F237AE48100E6BA93 /* TestTests.swift in Sources */,
			);
			runOnlyForDeploymentPostprocessing = 0;
		};
		B5168F11237AE48100E6BA93 /* Sources */ = {
			isa = PBXSourcesBuildPhase;
			buildActionMask = 2147483647;
			files = (
				B5168F1A237AE48100E6BA93 /* TestUITests.swift in Sources */,
			);
			runOnlyForDeploymentPostprocessing = 0;
		};
/* End PBXSourcesBuildPhase section */

/* Begin PBXTargetDependency section */
		B5168F0C237AE48000E6BA93 /* PBXTargetDependency */ = {
			isa = PBXTargetDependency;
			target = B5168EF3237AE47800E6BA93 /* Test */;
			targetProxy = B5168F0B237AE48000E6BA93 /* PBXContainerItemProxy */;
		};
		B5168F17237AE48100E6BA93 /* PBXTargetDependency */ = {
			isa = PBXTargetDependency;
			target = B5168EF3237AE47800E6BA93 /* Test */;
			targetProxy = B5168F16237AE48100E6BA93 /* PBXContainerItemProxy */;
		};
/* End PBXTargetDependency section */

/* Begin PBXVariantGroup section */
		B5168EFD237AE47900E6BA93 /* Main.storyboard */ = {
			isa = PBXVariantGroup;
			children = (
				B5168EFE237AE47900E6BA93 /* Base */,
			);
			name = Main.storyboard;
			sourceTree = "<group>";
		};
		B5168F02237AE48000E6BA93 /* LaunchScreen.storyboard */ = {
			isa = PBXVariantGroup;
			children = (
				B5168F03237AE48000E6BA93 /* Base */,
			);
			name = LaunchScreen.storyboard;
			sourceTree = "<group>";
		};
/* End PBXVariantGroup section */

/* Begin XCBuildConfiguration section */
		B5168F1C237AE48100E6BA93 /* Debug */ = {
			isa = XCBuildConfiguration;
			buildSettings = {
				ALWAYS_SEARCH_USER_PATHS = NO;
				CLANG_ANALYZER_NONNULL = YES;
				CLANG_ANALYZER_NUMBER_OBJECT_CONVERSION = YES_AGGRESSIVE;
				CLANG_CXX_LANGUAGE_STANDARD = "gnu++14";
				CLANG_CXX_LIBRARY = "libc++";
				CLANG_ENABLE_MODULES = YES;
				CLANG_ENABLE_OBJC_ARC = YES;
				CLANG_ENABLE_OBJC_WEAK = YES;
				CLANG_WARN_BLOCK_CAPTURE_AUTORELEASING = YES;
				CLANG_WARN_BOOL_CONVERSION = YES;
				CLANG_WARN_COMMA = YES;
				CLANG_WARN_CONSTANT_CONVERSION = YES;
				CLANG_WARN_DEPRECATED_OBJC_IMPLEMENTATIONS = YES;
				CLANG_WARN_DIRECT_OBJC_ISA_USAGE = YES_ERROR;
				CLANG_WARN_DOCUMENTATION_COMMENTS = YES;
				CLANG_WARN_EMPTY_BODY = YES;
				CLANG_WARN_ENUM_CONVERSION = YES;
				CLANG_WARN_INFINITE_RECURSION = YES;
				CLANG_WARN_INT_CONVERSION = YES;
				CLANG_WARN_NON_LITERAL_NULL_CONVERSION = YES;
				CLANG_WARN_OBJC_IMPLICIT_RETAIN_SELF = YES;
				CLANG_WARN_OBJC_LITERAL_CONVERSION = YES;
				CLANG_WARN_OBJC_ROOT_CLASS = YES_ERROR;
				CLANG_WARN_RANGE_LOOP_ANALYSIS = YES;
				CLANG_WARN_STRICT_PROTOTYPES = YES;
				CLANG_WARN_SUSPICIOUS_MOVE = YES;
				CLANG_WARN_UNGUARDED_AVAILABILITY = YES_AGGRESSIVE;
				CLANG_WARN_UNREACHABLE_CODE = YES;
				CLANG_WARN__DUPLICATE_METHOD_MATCH = YES;
				COPY_PHASE_STRIP = NO;
				DEBUG_INFORMATION_FORMAT = dwarf;
				ENABLE_STRICT_OBJC_MSGSEND = YES;
				ENABLE_TESTABILITY = YES;
				GCC_C_LANGUAGE_STANDARD = gnu11;
				GCC_DYNAMIC_NO_PIC = NO;
				GCC_NO_COMMON_BLOCKS = YES;
				GCC_OPTIMIZATION_LEVEL = 0;
				GCC_PREPROCESSOR_DEFINITIONS = (
					"DEBUG=1",
					"$(inherited)",
				);
				GCC_WARN_64_TO_32_BIT_CONVERSION = YES;
				GCC_WARN_ABOUT_RETURN_TYPE = YES_ERROR;
				GCC_WARN_UNDECLARED_SELECTOR = YES;
				GCC_WARN_UNINITIALIZED_AUTOS = YES_AGGRESSIVE;
				GCC_WARN_UNUSED_FUNCTION = YES;
				GCC_WARN_UNUSED_VARIABLE = YES;
				IPHONEOS_DEPLOYMENT_TARGET = 13.2;
				MTL_ENABLE_DEBUG_INFO = INCLUDE_SOURCE;
				MTL_FAST_MATH = YES;
				ONLY_ACTIVE_ARCH = YES;
				SDKROOT = iphoneos;
				SWIFT_ACTIVE_COMPILATION_CONDITIONS = DEBUG;
				SWIFT_OPTIMIZATION_LEVEL = "-Onone";
				SWIFT_VERSION = 4.2;
			};
			name = Debug;
		};
		B5168F1D237AE48100E6BA93 /* Release */ = {
			isa = XCBuildConfiguration;
			buildSettings = {
				ALWAYS_SEARCH_USER_PATHS = NO;
				CLANG_ANALYZER_NONNULL = YES;
				CLANG_ANALYZER_NUMBER_OBJECT_CONVERSION = YES_AGGRESSIVE;
				CLANG_CXX_LANGUAGE_STANDARD = "gnu++14";
				CLANG_CXX_LIBRARY = "libc++";
				CLANG_ENABLE_MODULES = YES;
				CLANG_ENABLE_OBJC_ARC = YES;
				CLANG_ENABLE_OBJC_WEAK = YES;
				CLANG_WARN_BLOCK_CAPTURE_AUTORELEASING = YES;
				CLANG_WARN_BOOL_CONVERSION = YES;
				CLANG_WARN_COMMA = YES;
				CLANG_WARN_CONSTANT_CONVERSION = YES;
				CLANG_WARN_DEPRECATED_OBJC_IMPLEMENTATIONS = YES;
				CLANG_WARN_DIRECT_OBJC_ISA_USAGE = YES_ERROR;
				CLANG_WARN_DOCUMENTATION_COMMENTS = YES;
				CLANG_WARN_EMPTY_BODY = YES;
				CLANG_WARN_ENUM_CONVERSION = YES;
				CLANG_WARN_INFINITE_RECURSION = YES;
				CLANG_WARN_INT_CONVERSION = YES;
				CLANG_WARN_NON_LITERAL_NULL_CONVERSION = YES;
				CLANG_WARN_OBJC_IMPLICIT_RETAIN_SELF = YES;
				CLANG_WARN_OBJC_LITERAL_CONVERSION = YES;
				CLANG_WARN_OBJC_ROOT_CLASS = YES_ERROR;
				CLANG_WARN_RANGE_LOOP_ANALYSIS = YES;
				CLANG_WARN_STRICT_PROTOTYPES = YES;
				CLANG_WARN_SUSPICIOUS_MOVE = YES;
				CLANG_WARN_UNGUARDED_AVAILABILITY = YES_AGGRESSIVE;
				CLANG_WARN_UNREACHABLE_CODE = YES;
				CLANG_WARN__DUPLICATE_METHOD_MATCH = YES;
				COPY_PHASE_STRIP = NO;
				DEBUG_INFORMATION_FORMAT = "dwarf-with-dsym";
				ENABLE_NS_ASSERTIONS = NO;
				ENABLE_STRICT_OBJC_MSGSEND = YES;
				GCC_C_LANGUAGE_STANDARD = gnu11;
				GCC_NO_COMMON_BLOCKS = YES;
				GCC_WARN_64_TO_32_BIT_CONVERSION = YES;
				GCC_WARN_ABOUT_RETURN_TYPE = YES_ERROR;
				GCC_WARN_UNDECLARED_SELECTOR = YES;
				GCC_WARN_UNINITIALIZED_AUTOS = YES_AGGRESSIVE;
				GCC_WARN_UNUSED_FUNCTION = YES;
				GCC_WARN_UNUSED_VARIABLE = YES;
				IPHONEOS_DEPLOYMENT_TARGET = 13.2;
				MTL_ENABLE_DEBUG_INFO = NO;
				MTL_FAST_MATH = YES;
				SDKROOT = iphoneos;
				SWIFT_COMPILATION_MODE = wholemodule;
				SWIFT_OPTIMIZATION_LEVEL = "-O";
				SWIFT_VERSION = 4.2;
				VALIDATE_PRODUCT = YES;
			};
			name = Release;
		};
		B5168F1F237AE48100E6BA93 /* Debug */ = {
			isa = XCBuildConfiguration;
			buildSettings = {
				ASSETCATALOG_COMPILER_APPICON_NAME = AppIcon;
				CODE_SIGN_IDENTITY = "iPhone Developer";
				CODE_SIGN_STYLE = Automatic;
				DEVELOPMENT_TEAM = 52835DXEU6;
				INFOPLIST_FILE = Test/Info.plist;
				IPHONEOS_DEPLOYMENT_TARGET = 12.1;
				LD_RUNPATH_SEARCH_PATHS = (
					"$(inherited)",
					"@executable_path/Frameworks",
				);
				PRODUCT_BUNDLE_IDENTIFIER = com.Ben.Test;
				PRODUCT_NAME = "$(TARGET_NAME)";
				PROVISIONING_PROFILE_SPECIFIER = "";
				SWIFT_VERSION = 4.2;
				TARGETED_DEVICE_FAMILY = "1,2";
			};
			name = Debug;
		};
		B5168F20237AE48100E6BA93 /* Release */ = {
			isa = XCBuildConfiguration;
			buildSettings = {
				ASSETCATALOG_COMPILER_APPICON_NAME = AppIcon;
				CODE_SIGN_IDENTITY = "iPhone Developer";
				CODE_SIGN_STYLE = Automatic;
				DEVELOPMENT_TEAM = 52835DXEU6;
				INFOPLIST_FILE = Test/Info.plist;
				IPHONEOS_DEPLOYMENT_TARGET = 12.1;
				LD_RUNPATH_SEARCH_PATHS = (
					"$(inherited)",
					"@executable_path/Frameworks",
				);
				PRODUCT_BUNDLE_IDENTIFIER = com.Ben.Test;
				PRODUCT_NAME = "$(TARGET_NAME)";
				PROVISIONING_PROFILE_SPECIFIER = "";
				SWIFT_VERSION = 4.2;
				TARGETED_DEVICE_FAMILY = "1,2";
			};
			name = Release;
		};
		B5168F22237AE48100E6BA93 /* Debug */ = {
			isa = XCBuildConfiguration;
			buildSettings = {
				ALWAYS_EMBED_SWIFT_STANDARD_LIBRARIES = YES;
				BUNDLE_LOADER = "$(TEST_HOST)";
				CODE_SIGN_STYLE = Automatic;
				INFOPLIST_FILE = TestTests/Info.plist;
				IPHONEOS_DEPLOYMENT_TARGET = 12.1;
				LD_RUNPATH_SEARCH_PATHS = (
					"$(inherited)",
					"@executable_path/Frameworks",
					"@loader_path/Frameworks",
				);
				PRODUCT_BUNDLE_IDENTIFIER = com.Ben.TestTests;
				PRODUCT_NAME = "$(TARGET_NAME)";
				SWIFT_VERSION = 4.2;
				TARGETED_DEVICE_FAMILY = "1,2";
				TEST_HOST = "$(BUILT_PRODUCTS_DIR)/Test.app/Test";
			};
			name = Debug;
		};
		B5168F23237AE48100E6BA93 /* Release */ = {
			isa = XCBuildConfiguration;
			buildSettings = {
				ALWAYS_EMBED_SWIFT_STANDARD_LIBRARIES = YES;
				BUNDLE_LOADER = "$(TEST_HOST)";
				CODE_SIGN_STYLE = Automatic;
				INFOPLIST_FILE = TestTests/Info.plist;
				IPHONEOS_DEPLOYMENT_TARGET = 12.1;
				LD_RUNPATH_SEARCH_PATHS = (
					"$(inherited)",
					"@executable_path/Frameworks",
					"@loader_path/Frameworks",
				);
				PRODUCT_BUNDLE_IDENTIFIER = com.Ben.TestTests;
				PRODUCT_NAME = "$(TARGET_NAME)";
				SWIFT_VERSION = 4.2;
				TARGETED_DEVICE_FAMILY = "1,2";
				TEST_HOST = "$(BUILT_PRODUCTS_DIR)/Test.app/Test";
			};
			name = Release;
		};
		B5168F25237AE48100E6BA93 /* Debug */ = {
			isa = XCBuildConfiguration;
			buildSettings = {
				ALWAYS_EMBED_SWIFT_STANDARD_LIBRARIES = YES;
				CODE_SIGN_STYLE = Automatic;
				INFOPLIST_FILE = TestUITests/Info.plist;
				IPHONEOS_DEPLOYMENT_TARGET = 12.1;
				LD_RUNPATH_SEARCH_PATHS = (
					"$(inherited)",
					"@executable_path/Frameworks",
					"@loader_path/Frameworks",
				);
				PRODUCT_BUNDLE_IDENTIFIER = com.Ben.TestUITests;
				PRODUCT_NAME = "$(TARGET_NAME)";
				SWIFT_VERSION = 4.2;
				TARGETED_DEVICE_FAMILY = "1,2";
				TEST_TARGET_NAME = Test;
			};
			name = Debug;
		};
		B5168F26237AE48100E6BA93 /* Release */ = {
			isa = XCBuildConfiguration;
			buildSettings = {
				ALWAYS_EMBED_SWIFT_STANDARD_LIBRARIES = YES;
				CODE_SIGN_STYLE = Automatic;
				INFOPLIST_FILE = TestUITests/Info.plist;
				IPHONEOS_DEPLOYMENT_TARGET = 12.1;
				LD_RUNPATH_SEARCH_PATHS = (
					"$(inherited)",
					"@executable_path/Frameworks",
					"@loader_path/Frameworks",
				);
				PRODUCT_BUNDLE_IDENTIFIER = com.Ben.TestUITests;
				PRODUCT_NAME = "$(TARGET_NAME)";
				SWIFT_VERSION = 4.2;
				TARGETED_DEVICE_FAMILY = "1,2";
				TEST_TARGET_NAME = Test;
			};
			name = Release;
		};
/* End XCBuildConfiguration section */

/* Begin XCConfigurationList section */
		B5168EEF237AE47800E6BA93 /* Build configuration list for PBXProject "Test" */ = {
			isa = XCConfigurationList;
			buildConfigurations = (
				B5168F1C237AE48100E6BA93 /* Debug */,
				B5168F1D237AE48100E6BA93 /* Release */,
			);
			defaultConfigurationIsVisible = 0;
			defaultConfigurationName = Release;
		};
		B5168F1E237AE48100E6BA93 /* Build configuration list for PBXNativeTarget "Test" */ = {
			isa = XCConfigurationList;
			buildConfigurations = (
				B5168F1F237AE48100E6BA93 /* Debug */,
				B5168F20237AE48100E6BA93 /* Release */,
			);
			defaultConfigurationIsVisible = 0;
			defaultConfigurationName = Release;
		};
		B5168F21237AE48100E6BA93 /* Build configuration list for PBXNativeTarget "TestTests" */ = {
			isa = XCConfigurationList;
			buildConfigurations = (
				B5168F22237AE48100E6BA93 /* Debug */,
				B5168F23237AE48100E6BA93 /* Release */,
			);
			defaultConfigurationIsVisible = 0;
			defaultConfigurationName = Release;
		};
		B5168F24237AE48100E6BA93 /* Build configuration list for PBXNativeTarget "TestUITests" */ = {
			isa = XCConfigurationList;
			buildConfigurations = (
				B5168F25237AE48100E6BA93 /* Debug */,
				B5168F26237AE48100E6BA93 /* Release */,
			);
			defaultConfigurationIsVisible = 0;
			defaultConfigurationName = Release;
		};
/* End XCConfigurationList section */
	};
	rootObject = B5168EEC237AE47800E6BA93 /* Project object */;
}
